
Microsoft Visual Studio Solution File, Format Version 12.00
# Visual Studio Version 16
VisualStudioVersion = 16.0.30717.126
MinimumVisualStudioVersion = 10.0.40219.1
Project("{FAE04EC0-301F-11D3-BF4B-00C04F79EFBC}") = "Test3", "Test3\Test3.csproj", "{D1DEA4DF-451B-4EA5-836D-035DF6B32493}"
EndProject
Global
	GlobalSection(SolutionConfigurationPlatforms) = preSolution
		Debug|Any CPU = Debug|Any CPU
		Release|Any CPU = Release|Any CPU
	EndGlobalSection
	GlobalSection(ProjectConfigurationPlatforms) = postSolution
		{D1DEA4DF-451B-4EA5-836D-035DF6B32493}.Debug|Any CPU.ActiveCfg = Debug|Any CPU
		{D1DEA4DF-451B-4EA5-836D-035DF6B32493}.Debug|Any CPU.Build.0 = Debug|Any CPU
		{D1DEA4DF-451B-4EA5-836D-035DF6B32493}.Release|Any CPU.ActiveCfg = Release|Any CPU
		{D1DEA4DF-451B-4EA5-836D-035DF6B32493}.Release|Any CPU.Build.0 = Release|Any CPU
	EndGlobalSection
	GlobalSection(SolutionProperties) = preSolution
		HideSolutionNode = FALSE
	EndGlobalSection
	GlobalSection(ExtensibilityGlobals) = postSolution
		SolutionGuid = {84CB2841-06F0-42E1-93A0-DD7627FE26DC}
	EndGlobalSection
EndGlobal
